
Microsoft Visual Studio Solution File, Format Version 12.00
# Visual Studio Version 17
VisualStudioVersion = 17.0.31903.59
MinimumVisualStudioVersion = 10.0.40219.1
Project("{FAE04EC0-301F-11D3-BF4B-00C04F79EFBC}") = "MyCompany.Intranet.Core", "MyCompany.Intranet.Core\MyCompany.Intranet.Core.csproj", "{DBC5AE22-53DE-445E-9B65-5B7AA3652BA0}"
EndProject
Project("{FAE04EC0-301F-11D3-BF4B-00C04F79EFBC}") = "MyCompany.Intranet.Portal", "MyCompany.Intranet.Portal\MyCompany.Intranet.Portal.csproj", "{7DA8D969-A471-43BD-943D-9DC9965616C0}"
EndProject
Project("{FAE04EC0-301F-11D3-BF4B-00C04F79EFBC}") = "MyCompany.Intranet.WebApi", "MyCompany.Intranet.WebApi\MyCompany.Intranet.WebApi.csproj", "{3A7EFD51-E370-49A2-9551-A0265AD4D971}"
EndProject
Project("{FAE04EC0-301F-11D3-BF4B-00C04F79EFBC}") = "MyCompany.Intranet.Console", "MyCompany.Intranet.Console\MyCompany.Intranet.Console.csproj", "{370EFEAC-7475-4E07-A666-952C86117585}"
EndProject
Global
	GlobalSection(SolutionConfigurationPlatforms) = preSolution
		Debug|Any CPU = Debug|Any CPU
		Release|Any CPU = Release|Any CPU
	EndGlobalSection
	GlobalSection(SolutionProperties) = preSolution
		HideSolutionNode = FALSE
	EndGlobalSection
	GlobalSection(ProjectConfigurationPlatforms) = postSolution
		{DBC5AE22-53DE-445E-9B65-5B7AA3652BA0}.Debug|Any CPU.ActiveCfg = Debug|Any CPU
		{DBC5AE22-53DE-445E-9B65-5B7AA3652BA0}.Debug|Any CPU.Build.0 = Debug|Any CPU
		{DBC5AE22-53DE-445E-9B65-5B7AA3652BA0}.Release|Any CPU.ActiveCfg = Release|Any CPU
		{DBC5AE22-53DE-445E-9B65-5B7AA3652BA0}.Release|Any CPU.Build.0 = Release|Any CPU
		{7DA8D969-A471-43BD-943D-9DC9965616C0}.Debug|Any CPU.ActiveCfg = Debug|Any CPU
		{7DA8D969-A471-43BD-943D-9DC9965616C0}.Debug|Any CPU.Build.0 = Debug|Any CPU
		{7DA8D969-A471-43BD-943D-9DC9965616C0}.Release|Any CPU.ActiveCfg = Release|Any CPU
		{7DA8D969-A471-43BD-943D-9DC9965616C0}.Release|Any CPU.Build.0 = Release|Any CPU
		{3A7EFD51-E370-49A2-9551-A0265AD4D971}.Debug|Any CPU.ActiveCfg = Debug|Any CPU
		{3A7EFD51-E370-49A2-9551-A0265AD4D971}.Debug|Any CPU.Build.0 = Debug|Any CPU
		{3A7EFD51-E370-49A2-9551-A0265AD4D971}.Release|Any CPU.ActiveCfg = Release|Any CPU
		{3A7EFD51-E370-49A2-9551-A0265AD4D971}.Release|Any CPU.Build.0 = Release|Any CPU
		{370EFEAC-7475-4E07-A666-952C86117585}.Debug|Any CPU.ActiveCfg = Debug|Any CPU
		{370EFEAC-7475-4E07-A666-952C86117585}.Debug|Any CPU.Build.0 = Debug|Any CPU
		{370EFEAC-7475-4E07-A666-952C86117585}.Release|Any CPU.ActiveCfg = Release|Any CPU
		{370EFEAC-7475-4E07-A666-952C86117585}.Release|Any CPU.Build.0 = Release|Any CPU
	EndGlobalSection
EndGlobal
